// !$*UTF8*$!
{
	archiveVersion = 1;
	classes = {
	};
	objectVersion = 56;
	objects = {

/* Begin PBXBuildFile section */
		FD09A97B2A4A4EC8009BCBA8 /* RegistrationResponse.swift in Sources */ = {isa = PBXBuildFile; fileRef = FD09A97A2A4A4EC8009BCBA8 /* RegistrationResponse.swift */; };
		FD17AC6D2A4B23BF0027B18D /* AceTextField.swift in Sources */ = {isa = PBXBuildFile; fileRef = FD17AC6C2A4B23BF0027B18D /* AceTextField.swift */; };
		FD17AC6F2A4B4F2C0027B18D /* LoginRouter.swift in Sources */ = {isa = PBXBuildFile; fileRef = FD17AC6E2A4B4F2C0027B18D /* LoginRouter.swift */; };
		FD17AC712A4B4F4E0027B18D /* LoginPresenter.swift in Sources */ = {isa = PBXBuildFile; fileRef = FD17AC702A4B4F4E0027B18D /* LoginPresenter.swift */; };
		FD17AC732A4B4F760027B18D /* LoginInteractor.swift in Sources */ = {isa = PBXBuildFile; fileRef = FD17AC722A4B4F760027B18D /* LoginInteractor.swift */; };
		FD17AC762A4B50D40027B18D /* LoginResponse.swift in Sources */ = {isa = PBXBuildFile; fileRef = FD17AC752A4B50D40027B18D /* LoginResponse.swift */; };
		FD17AC782A4B50E40027B18D /* LoginError.swift in Sources */ = {isa = PBXBuildFile; fileRef = FD17AC772A4B50E40027B18D /* LoginError.swift */; };
		FD17AC7A2A4B51350027B18D /* LoginRequest.swift in Sources */ = {isa = PBXBuildFile; fileRef = FD17AC792A4B51350027B18D /* LoginRequest.swift */; };
		FD17AC7D2A4B79D10027B18D /* DashboardRouter.swift in Sources */ = {isa = PBXBuildFile; fileRef = FD17AC7C2A4B79D10027B18D /* DashboardRouter.swift */; };
		FD17AC7F2A4B7A1A0027B18D /* DashboardPresenter.swift in Sources */ = {isa = PBXBuildFile; fileRef = FD17AC7E2A4B7A1A0027B18D /* DashboardPresenter.swift */; };
		FD17AC812A4B7A2A0027B18D /* DashboardInteractor.swift in Sources */ = {isa = PBXBuildFile; fileRef = FD17AC802A4B7A2A0027B18D /* DashboardInteractor.swift */; };
		FD17AC842A4B7BDF0027B18D /* HomeController.swift in Sources */ = {isa = PBXBuildFile; fileRef = FD17AC832A4B7BDF0027B18D /* HomeController.swift */; };
		FD17AC862A4B7BF70027B18D /* SearchController.swift in Sources */ = {isa = PBXBuildFile; fileRef = FD17AC852A4B7BF70027B18D /* SearchController.swift */; };
		FD17AC882A4B7C120027B18D /* CartController.swift in Sources */ = {isa = PBXBuildFile; fileRef = FD17AC872A4B7C120027B18D /* CartController.swift */; };
		FD17AC8A2A4B7C340027B18D /* ProfileController.swift in Sources */ = {isa = PBXBuildFile; fileRef = FD17AC892A4B7C340027B18D /* ProfileController.swift */; };
		FD17AC8C2A4BC0F40027B18D /* GenericCollectionViewDataSource.swift in Sources */ = {isa = PBXBuildFile; fileRef = FD17AC8B2A4BC0F40027B18D /* GenericCollectionViewDataSource.swift */; };
		FD17AC8F2A4BC2FA0027B18D /* MenuCategoryCell.swift in Sources */ = {isa = PBXBuildFile; fileRef = FD17AC8E2A4BC2FA0027B18D /* MenuCategoryCell.swift */; };
		FD17AC922A4BC7740027B18D /* MenuItem.swift in Sources */ = {isa = PBXBuildFile; fileRef = FD17AC912A4BC7740027B18D /* MenuItem.swift */; };
		FD1A80A12A49965A00C7D7EE /* Coordinator.swift in Sources */ = {isa = PBXBuildFile; fileRef = FD1A80A02A49965A00C7D7EE /* Coordinator.swift */; };
		FD1A80A32A49969D00C7D7EE /* MainCoordinator.swift in Sources */ = {isa = PBXBuildFile; fileRef = FD1A80A22A49969D00C7D7EE /* MainCoordinator.swift */; };
		FD1A80A72A499A4000C7D7EE /* DashboardViewController.swift in Sources */ = {isa = PBXBuildFile; fileRef = FD1A80A62A499A3F00C7D7EE /* DashboardViewController.swift */; };
		FD1A80A92A499A4B00C7D7EE /* LoginController.swift in Sources */ = {isa = PBXBuildFile; fileRef = FD1A80A82A499A4B00C7D7EE /* LoginController.swift */; };
		FD1A80AB2A49A94300C7D7EE /* UIAlertController + Ext.swift in Sources */ = {isa = PBXBuildFile; fileRef = FD1A80AA2A49A94300C7D7EE /* UIAlertController + Ext.swift */; };
		FD1A80AE2A49ABD100C7D7EE /* RegistrationController.swift in Sources */ = {isa = PBXBuildFile; fileRef = FD1A80AD2A49ABD100C7D7EE /* RegistrationController.swift */; };
		FD2851812A4C4B350000D5DD /* MenuItemCell.swift in Sources */ = {isa = PBXBuildFile; fileRef = FD2851802A4C4B350000D5DD /* MenuItemCell.swift */; };
		FD6342A72A5030F700D483AD /* HomeViewModel.swift in Sources */ = {isa = PBXBuildFile; fileRef = FD6342A62A5030F700D483AD /* HomeViewModel.swift */; };
		FD6342AA2A50313200D483AD /* RxCocoa in Frameworks */ = {isa = PBXBuildFile; productRef = FD6342A92A50313200D483AD /* RxCocoa */; };
		FD6342AC2A50313200D483AD /* RxSwift in Frameworks */ = {isa = PBXBuildFile; productRef = FD6342AB2A50313200D483AD /* RxSwift */; };
		FD6342AE2A50535F00D483AD /* BaseResponse.swift in Sources */ = {isa = PBXBuildFile; fileRef = FD6342AD2A50535F00D483AD /* BaseResponse.swift */; };
		FD6A4CAA2A11328B0058C35C /* AppDelegate.swift in Sources */ = {isa = PBXBuildFile; fileRef = FD6A4CA92A11328B0058C35C /* AppDelegate.swift */; };
		FD6A4CAC2A11328B0058C35C /* SceneDelegate.swift in Sources */ = {isa = PBXBuildFile; fileRef = FD6A4CAB2A11328B0058C35C /* SceneDelegate.swift */; };
		FD6A4CB42A11328B0058C35C /* AceLick.xcdatamodeld in Sources */ = {isa = PBXBuildFile; fileRef = FD6A4CB22A11328B0058C35C /* AceLick.xcdatamodeld */; };
		FD6A4CB62A11328E0058C35C /* Assets.xcassets in Resources */ = {isa = PBXBuildFile; fileRef = FD6A4CB52A11328E0058C35C /* Assets.xcassets */; };
		FD6A4CB92A11328E0058C35C /* LaunchScreen.storyboard in Resources */ = {isa = PBXBuildFile; fileRef = FD6A4CB72A11328E0058C35C /* LaunchScreen.storyboard */; };
		FD6A4CC42A11328E0058C35C /* AceLickTests.swift in Sources */ = {isa = PBXBuildFile; fileRef = FD6A4CC32A11328E0058C35C /* AceLickTests.swift */; };
		FD6A4CCE2A11328E0058C35C /* AceLickUITests.swift in Sources */ = {isa = PBXBuildFile; fileRef = FD6A4CCD2A11328E0058C35C /* AceLickUITests.swift */; };
		FD6A4CD02A11328E0058C35C /* AceLickUITestsLaunchTests.swift in Sources */ = {isa = PBXBuildFile; fileRef = FD6A4CCF2A11328E0058C35C /* AceLickUITestsLaunchTests.swift */; };
		FD6A4CE92A1133AD0058C35C /* MainViewController.swift in Sources */ = {isa = PBXBuildFile; fileRef = FD6A4CE82A1133AD0058C35C /* MainViewController.swift */; };
		FD6A4CEB2A1133CF0058C35C /* BaseController.swift in Sources */ = {isa = PBXBuildFile; fileRef = FD6A4CEA2A1133CF0058C35C /* BaseController.swift */; };
		FD6A4CED2A1134070058C35C /* MainPresenter.swift in Sources */ = {isa = PBXBuildFile; fileRef = FD6A4CEC2A1134070058C35C /* MainPresenter.swift */; };
		FD6A4CEF2A1134120058C35C /* MainInteractor.swift in Sources */ = {isa = PBXBuildFile; fileRef = FD6A4CEE2A1134120058C35C /* MainInteractor.swift */; };
		FD6A4CF12A1134280058C35C /* MainRouter.swift in Sources */ = {isa = PBXBuildFile; fileRef = FD6A4CF02A1134280058C35C /* MainRouter.swift */; };
		FD6A4CF42A1134B10058C35C /* Main.swift in Sources */ = {isa = PBXBuildFile; fileRef = FD6A4CF32A1134B10058C35C /* Main.swift */; };
		FD6A4CF72A1135BE0058C35C /* NetworkService.swift in Sources */ = {isa = PBXBuildFile; fileRef = FD6A4CF62A1135BE0058C35C /* NetworkService.swift */; };
		FD6A4CF92A1135C60058C35C /* DatabaseService.swift in Sources */ = {isa = PBXBuildFile; fileRef = FD6A4CF82A1135C60058C35C /* DatabaseService.swift */; };
		FD6A4CFC2A113BC50058C35C /* AceButton.swift in Sources */ = {isa = PBXBuildFile; fileRef = FD6A4CFB2A113BC50058C35C /* AceButton.swift */; };
		FD6A4CFF2A11799E0058C35C /* UIView + Ext.swift in Sources */ = {isa = PBXBuildFile; fileRef = FD6A4CFE2A11799E0058C35C /* UIView + Ext.swift */; };
		FD6A4D012A117CC50058C35C /* UIColor + Ext.swift in Sources */ = {isa = PBXBuildFile; fileRef = FD6A4D002A117CC50058C35C /* UIColor + Ext.swift */; };
		FD99A3122A4A3224001341D4 /* RegistrationInteractor.swift in Sources */ = {isa = PBXBuildFile; fileRef = FD99A3112A4A3224001341D4 /* RegistrationInteractor.swift */; };
		FD99A3142A4A325F001341D4 /* RegistrationPresenter.swift in Sources */ = {isa = PBXBuildFile; fileRef = FD99A3132A4A325F001341D4 /* RegistrationPresenter.swift */; };
		FD99A3162A4A3380001341D4 /* RegistrationRouter.swift in Sources */ = {isa = PBXBuildFile; fileRef = FD99A3152A4A3380001341D4 /* RegistrationRouter.swift */; };
		FDCE50D92A1185F40098AE0B /* UIViewController + Ext.swift in Sources */ = {isa = PBXBuildFile; fileRef = FDCE50D82A1185F40098AE0B /* UIViewController + Ext.swift */; };
/* End PBXBuildFile section */

/* Begin PBXContainerItemProxy section */
		FD6A4CC02A11328E0058C35C /* PBXContainerItemProxy */ = {
			isa = PBXContainerItemProxy;
			containerPortal = FD6A4C9E2A11328B0058C35C /* Project object */;
			proxyType = 1;
			remoteGlobalIDString = FD6A4CA52A11328B0058C35C;
			remoteInfo = AceLick;
		};
		FD6A4CCA2A11328E0058C35C /* PBXContainerItemProxy */ = {
			isa = PBXContainerItemProxy;
			containerPortal = FD6A4C9E2A11328B0058C35C /* Project object */;
			proxyType = 1;
			remoteGlobalIDString = FD6A4CA52A11328B0058C35C;
			remoteInfo = AceLick;
		};
/* End PBXContainerItemProxy section */

/* Begin PBXFileReference section */
		FD09A97A2A4A4EC8009BCBA8 /* RegistrationResponse.swift */ = {isa = PBXFileReference; lastKnownFileType = sourcecode.swift; path = RegistrationResponse.swift; sourceTree = "<group>"; };
		FD17AC6C2A4B23BF0027B18D /* AceTextField.swift */ = {isa = PBXFileReference; lastKnownFileType = sourcecode.swift; path = AceTextField.swift; sourceTree = "<group>"; };
		FD17AC6E2A4B4F2C0027B18D /* LoginRouter.swift */ = {isa = PBXFileReference; lastKnownFileType = sourcecode.swift; path = LoginRouter.swift; sourceTree = "<group>"; };
		FD17AC702A4B4F4E0027B18D /* LoginPresenter.swift */ = {isa = PBXFileReference; lastKnownFileType = sourcecode.swift; path = LoginPresenter.swift; sourceTree = "<group>"; };
		FD17AC722A4B4F760027B18D /* LoginInteractor.swift */ = {isa = PBXFileReference; lastKnownFileType = sourcecode.swift; path = LoginInteractor.swift; sourceTree = "<group>"; };
		FD17AC752A4B50D40027B18D /* LoginResponse.swift */ = {isa = PBXFileReference; lastKnownFileType = sourcecode.swift; path = LoginResponse.swift; sourceTree = "<group>"; };
		FD17AC772A4B50E40027B18D /* LoginError.swift */ = {isa = PBXFileReference; lastKnownFileType = sourcecode.swift; path = LoginError.swift; sourceTree = "<group>"; };
		FD17AC792A4B51350027B18D /* LoginRequest.swift */ = {isa = PBXFileReference; lastKnownFileType = sourcecode.swift; path = LoginRequest.swift; sourceTree = "<group>"; };
		FD17AC7C2A4B79D10027B18D /* DashboardRouter.swift */ = {isa = PBXFileReference; lastKnownFileType = sourcecode.swift; path = DashboardRouter.swift; sourceTree = "<group>"; };
		FD17AC7E2A4B7A1A0027B18D /* DashboardPresenter.swift */ = {isa = PBXFileReference; lastKnownFileType = sourcecode.swift; path = DashboardPresenter.swift; sourceTree = "<group>"; };
		FD17AC802A4B7A2A0027B18D /* DashboardInteractor.swift */ = {isa = PBXFileReference; lastKnownFileType = sourcecode.swift; path = DashboardInteractor.swift; sourceTree = "<group>"; };
		FD17AC832A4B7BDF0027B18D /* HomeController.swift */ = {isa = PBXFileReference; lastKnownFileType = sourcecode.swift; path = HomeController.swift; sourceTree = "<group>"; };
		FD17AC852A4B7BF70027B18D /* SearchController.swift */ = {isa = PBXFileReference; lastKnownFileType = sourcecode.swift; path = SearchController.swift; sourceTree = "<group>"; };
		FD17AC872A4B7C120027B18D /* CartController.swift */ = {isa = PBXFileReference; lastKnownFileType = sourcecode.swift; path = CartController.swift; sourceTree = "<group>"; };
		FD17AC892A4B7C340027B18D /* ProfileController.swift */ = {isa = PBXFileReference; lastKnownFileType = sourcecode.swift; path = ProfileController.swift; sourceTree = "<group>"; };
		FD17AC8B2A4BC0F40027B18D /* GenericCollectionViewDataSource.swift */ = {isa = PBXFileReference; lastKnownFileType = sourcecode.swift; path = GenericCollectionViewDataSource.swift; sourceTree = "<group>"; };
		FD17AC8E2A4BC2FA0027B18D /* MenuCategoryCell.swift */ = {isa = PBXFileReference; lastKnownFileType = sourcecode.swift; path = MenuCategoryCell.swift; sourceTree = "<group>"; };
		FD17AC912A4BC7740027B18D /* MenuItem.swift */ = {isa = PBXFileReference; lastKnownFileType = sourcecode.swift; path = MenuItem.swift; sourceTree = "<group>"; };
		FD1A80A02A49965A00C7D7EE /* Coordinator.swift */ = {isa = PBXFileReference; lastKnownFileType = sourcecode.swift; path = Coordinator.swift; sourceTree = "<group>"; };
		FD1A80A22A49969D00C7D7EE /* MainCoordinator.swift */ = {isa = PBXFileReference; lastKnownFileType = sourcecode.swift; path = MainCoordinator.swift; sourceTree = "<group>"; };
		FD1A80A62A499A3F00C7D7EE /* DashboardViewController.swift */ = {isa = PBXFileReference; lastKnownFileType = sourcecode.swift; path = DashboardViewController.swift; sourceTree = "<group>"; };
		FD1A80A82A499A4B00C7D7EE /* LoginController.swift */ = {isa = PBXFileReference; lastKnownFileType = sourcecode.swift; path = LoginController.swift; sourceTree = "<group>"; };
		FD1A80AA2A49A94300C7D7EE /* UIAlertController + Ext.swift */ = {isa = PBXFileReference; lastKnownFileType = sourcecode.swift; path = "UIAlertController + Ext.swift"; sourceTree = "<group>"; };
		FD1A80AD2A49ABD100C7D7EE /* RegistrationController.swift */ = {isa = PBXFileReference; lastKnownFileType = sourcecode.swift; path = RegistrationController.swift; sourceTree = "<group>"; };
		FD2851802A4C4B350000D5DD /* MenuItemCell.swift */ = {isa = PBXFileReference; lastKnownFileType = sourcecode.swift; path = MenuItemCell.swift; sourceTree = "<group>"; };
		FD6342A62A5030F700D483AD /* HomeViewModel.swift */ = {isa = PBXFileReference; lastKnownFileType = sourcecode.swift; path = HomeViewModel.swift; sourceTree = "<group>"; };
		FD6342AD2A50535F00D483AD /* BaseResponse.swift */ = {isa = PBXFileReference; lastKnownFileType = sourcecode.swift; path = BaseResponse.swift; sourceTree = "<group>"; };
		FD6A4CA62A11328B0058C35C /* AceLick.app */ = {isa = PBXFileReference; explicitFileType = wrapper.application; includeInIndex = 0; path = AceLick.app; sourceTree = BUILT_PRODUCTS_DIR; };
		FD6A4CA92A11328B0058C35C /* AppDelegate.swift */ = {isa = PBXFileReference; lastKnownFileType = sourcecode.swift; path = AppDelegate.swift; sourceTree = "<group>"; };
		FD6A4CAB2A11328B0058C35C /* SceneDelegate.swift */ = {isa = PBXFileReference; lastKnownFileType = sourcecode.swift; path = SceneDelegate.swift; sourceTree = "<group>"; };
		FD6A4CB32A11328B0058C35C /* AceLick.xcdatamodel */ = {isa = PBXFileReference; lastKnownFileType = wrapper.xcdatamodel; path = AceLick.xcdatamodel; sourceTree = "<group>"; };
		FD6A4CB52A11328E0058C35C /* Assets.xcassets */ = {isa = PBXFileReference; lastKnownFileType = folder.assetcatalog; path = Assets.xcassets; sourceTree = "<group>"; };
		FD6A4CB82A11328E0058C35C /* Base */ = {isa = PBXFileReference; lastKnownFileType = file.storyboard; name = Base; path = Base.lproj/LaunchScreen.storyboard; sourceTree = "<group>"; };
		FD6A4CBA2A11328E0058C35C /* Info.plist */ = {isa = PBXFileReference; lastKnownFileType = text.plist.xml; path = Info.plist; sourceTree = "<group>"; };
		FD6A4CBF2A11328E0058C35C /* AceLickTests.xctest */ = {isa = PBXFileReference; explicitFileType = wrapper.cfbundle; includeInIndex = 0; path = AceLickTests.xctest; sourceTree = BUILT_PRODUCTS_DIR; };
		FD6A4CC32A11328E0058C35C /* AceLickTests.swift */ = {isa = PBXFileReference; lastKnownFileType = sourcecode.swift; path = AceLickTests.swift; sourceTree = "<group>"; };
		FD6A4CC92A11328E0058C35C /* AceLickUITests.xctest */ = {isa = PBXFileReference; explicitFileType = wrapper.cfbundle; includeInIndex = 0; path = AceLickUITests.xctest; sourceTree = BUILT_PRODUCTS_DIR; };
		FD6A4CCD2A11328E0058C35C /* AceLickUITests.swift */ = {isa = PBXFileReference; lastKnownFileType = sourcecode.swift; path = AceLickUITests.swift; sourceTree = "<group>"; };
		FD6A4CCF2A11328E0058C35C /* AceLickUITestsLaunchTests.swift */ = {isa = PBXFileReference; lastKnownFileType = sourcecode.swift; path = AceLickUITestsLaunchTests.swift; sourceTree = "<group>"; };
		FD6A4CE82A1133AD0058C35C /* MainViewController.swift */ = {isa = PBXFileReference; lastKnownFileType = sourcecode.swift; path = MainViewController.swift; sourceTree = "<group>"; };
		FD6A4CEA2A1133CF0058C35C /* BaseController.swift */ = {isa = PBXFileReference; lastKnownFileType = sourcecode.swift; path = BaseController.swift; sourceTree = "<group>"; };
		FD6A4CEC2A1134070058C35C /* MainPresenter.swift */ = {isa = PBXFileReference; lastKnownFileType = sourcecode.swift; path = MainPresenter.swift; sourceTree = "<group>"; };
		FD6A4CEE2A1134120058C35C /* MainInteractor.swift */ = {isa = PBXFileReference; lastKnownFileType = sourcecode.swift; path = MainInteractor.swift; sourceTree = "<group>"; };
		FD6A4CF02A1134280058C35C /* MainRouter.swift */ = {isa = PBXFileReference; lastKnownFileType = sourcecode.swift; path = MainRouter.swift; sourceTree = "<group>"; };
		FD6A4CF32A1134B10058C35C /* Main.swift */ = {isa = PBXFileReference; lastKnownFileType = sourcecode.swift; path = Main.swift; sourceTree = "<group>"; };
		FD6A4CF62A1135BE0058C35C /* NetworkService.swift */ = {isa = PBXFileReference; lastKnownFileType = sourcecode.swift; path = NetworkService.swift; sourceTree = "<group>"; };
		FD6A4CF82A1135C60058C35C /* DatabaseService.swift */ = {isa = PBXFileReference; lastKnownFileType = sourcecode.swift; path = DatabaseService.swift; sourceTree = "<group>"; };
		FD6A4CFB2A113BC50058C35C /* AceButton.swift */ = {isa = PBXFileReference; lastKnownFileType = sourcecode.swift; path = AceButton.swift; sourceTree = "<group>"; };
		FD6A4CFE2A11799E0058C35C /* UIView + Ext.swift */ = {isa = PBXFileReference; lastKnownFileType = sourcecode.swift; path = "UIView + Ext.swift"; sourceTree = "<group>"; };
		FD6A4D002A117CC50058C35C /* UIColor + Ext.swift */ = {isa = PBXFileReference; lastKnownFileType = sourcecode.swift; path = "UIColor + Ext.swift"; sourceTree = "<group>"; };
		FD99A3112A4A3224001341D4 /* RegistrationInteractor.swift */ = {isa = PBXFileReference; lastKnownFileType = sourcecode.swift; path = RegistrationInteractor.swift; sourceTree = "<group>"; };
		FD99A3132A4A325F001341D4 /* RegistrationPresenter.swift */ = {isa = PBXFileReference; lastKnownFileType = sourcecode.swift; path = RegistrationPresenter.swift; sourceTree = "<group>"; };
		FD99A3152A4A3380001341D4 /* RegistrationRouter.swift */ = {isa = PBXFileReference; lastKnownFileType = sourcecode.swift; path = RegistrationRouter.swift; sourceTree = "<group>"; };
		FDCE50D82A1185F40098AE0B /* UIViewController + Ext.swift */ = {isa = PBXFileReference; lastKnownFileType = sourcecode.swift; path = "UIViewController + Ext.swift"; sourceTree = "<group>"; };
/* End PBXFileReference section */

/* Begin PBXFrameworksBuildPhase section */
		FD6A4CA32A11328B0058C35C /* Frameworks */ = {
			isa = PBXFrameworksBuildPhase;
			buildActionMask = 2147483647;
			files = (
				FD6342AC2A50313200D483AD /* RxSwift in Frameworks */,
				FD6342AA2A50313200D483AD /* RxCocoa in Frameworks */,
			);
			runOnlyForDeploymentPostprocessing = 0;
		};
		FD6A4CBC2A11328E0058C35C /* Frameworks */ = {
			isa = PBXFrameworksBuildPhase;
			buildActionMask = 2147483647;
			files = (
			);
			runOnlyForDeploymentPostprocessing = 0;
		};
		FD6A4CC62A11328E0058C35C /* Frameworks */ = {
			isa = PBXFrameworksBuildPhase;
			buildActionMask = 2147483647;
			files = (
			);
			runOnlyForDeploymentPostprocessing = 0;
		};
/* End PBXFrameworksBuildPhase section */

/* Begin PBXGroup section */
		FD09A9792A4A4EBE009BCBA8 /* entity */ = {
			isa = PBXGroup;
			children = (
				FD09A97A2A4A4EC8009BCBA8 /* RegistrationResponse.swift */,
			);
			path = entity;
			sourceTree = "<group>";
		};
		FD17AC742A4B4F9B0027B18D /* entity */ = {
			isa = PBXGroup;
			children = (
				FD17AC752A4B50D40027B18D /* LoginResponse.swift */,
				FD17AC772A4B50E40027B18D /* LoginError.swift */,
				FD17AC792A4B51350027B18D /* LoginRequest.swift */,
			);
			path = entity;
			sourceTree = "<group>";
		};
		FD17AC7B2A4B79100027B18D /* entity */ = {
			isa = PBXGroup;
			children = (
				FD17AC912A4BC7740027B18D /* MenuItem.swift */,
			);
			path = entity;
			sourceTree = "<group>";
		};
		FD17AC822A4B7BA50027B18D /* pages */ = {
			isa = PBXGroup;
			children = (
				FD6342A52A5030E900D483AD /* home */,
				FD17AC852A4B7BF70027B18D /* SearchController.swift */,
				FD17AC872A4B7C120027B18D /* CartController.swift */,
				FD17AC892A4B7C340027B18D /* ProfileController.swift */,
			);
			path = pages;
			sourceTree = "<group>";
		};
		FD17AC8D2A4BC2E50027B18D /* cell */ = {
			isa = PBXGroup;
			children = (
				FD17AC8E2A4BC2FA0027B18D /* MenuCategoryCell.swift */,
				FD2851802A4C4B350000D5DD /* MenuItemCell.swift */,
			);
			path = cell;
			sourceTree = "<group>";
		};
		FD1A809F2A49964F00C7D7EE /* coordinator */ = {
			isa = PBXGroup;
			children = (
				FD1A80A02A49965A00C7D7EE /* Coordinator.swift */,
				FD1A80A22A49969D00C7D7EE /* MainCoordinator.swift */,
			);
			path = coordinator;
			sourceTree = "<group>";
		};
		FD1A80A42A499A2200C7D7EE /* login */ = {
			isa = PBXGroup;
			children = (
				FD17AC742A4B4F9B0027B18D /* entity */,
				FD1A80A82A499A4B00C7D7EE /* LoginController.swift */,
				FD17AC6E2A4B4F2C0027B18D /* LoginRouter.swift */,
				FD17AC702A4B4F4E0027B18D /* LoginPresenter.swift */,
				FD17AC722A4B4F760027B18D /* LoginInteractor.swift */,
			);
			path = login;
			sourceTree = "<group>";
		};
		FD1A80A52A499A2900C7D7EE /* dashboard */ = {
			isa = PBXGroup;
			children = (
				FD17AC8D2A4BC2E50027B18D /* cell */,
				FD17AC822A4B7BA50027B18D /* pages */,
				FD17AC7B2A4B79100027B18D /* entity */,
				FD1A80A62A499A3F00C7D7EE /* DashboardViewController.swift */,
				FD17AC7C2A4B79D10027B18D /* DashboardRouter.swift */,
				FD17AC7E2A4B7A1A0027B18D /* DashboardPresenter.swift */,
				FD17AC802A4B7A2A0027B18D /* DashboardInteractor.swift */,
			);
			path = dashboard;
			sourceTree = "<group>";
		};
		FD1A80AC2A49ABC000C7D7EE /* registration */ = {
			isa = PBXGroup;
			children = (
				FD09A9792A4A4EBE009BCBA8 /* entity */,
				FD1A80AD2A49ABD100C7D7EE /* RegistrationController.swift */,
				FD99A3112A4A3224001341D4 /* RegistrationInteractor.swift */,
				FD99A3132A4A325F001341D4 /* RegistrationPresenter.swift */,
				FD99A3152A4A3380001341D4 /* RegistrationRouter.swift */,
			);
			path = registration;
			sourceTree = "<group>";
		};
		FD6342A52A5030E900D483AD /* home */ = {
			isa = PBXGroup;
			children = (
				FD17AC832A4B7BDF0027B18D /* HomeController.swift */,
				FD6342A62A5030F700D483AD /* HomeViewModel.swift */,
			);
			path = home;
			sourceTree = "<group>";
		};
		FD6A4C9D2A11328B0058C35C = {
			isa = PBXGroup;
			children = (
				FD6A4CA82A11328B0058C35C /* AceLick */,
				FD6A4CC22A11328E0058C35C /* AceLickTests */,
				FD6A4CCC2A11328E0058C35C /* AceLickUITests */,
				FD6A4CA72A11328B0058C35C /* Products */,
			);
			sourceTree = "<group>";
		};
		FD6A4CA72A11328B0058C35C /* Products */ = {
			isa = PBXGroup;
			children = (
				FD6A4CA62A11328B0058C35C /* AceLick.app */,
				FD6A4CBF2A11328E0058C35C /* AceLickTests.xctest */,
				FD6A4CC92A11328E0058C35C /* AceLickUITests.xctest */,
			);
			name = Products;
			sourceTree = "<group>";
		};
		FD6A4CA82A11328B0058C35C /* AceLick */ = {
			isa = PBXGroup;
			children = (
				FD1A809F2A49964F00C7D7EE /* coordinator */,
				FD6A4CFD2A11798A0058C35C /* extension */,
				FD6A4CF52A1135AF0058C35C /* service */,
				FD6A4CE52A1133020058C35C /* app */,
				FD6A4CE62A1133170058C35C /* config */,
				FD6A4CE42A1132EE0058C35C /* util */,
				FD6A4CE22A1132DC0058C35C /* viewmodel */,
				FD6A4CE12A1132D60058C35C /* module */,
				FD6A4CE32A1132E80058C35C /* persistence */,
				FD6A4CBA2A11328E0058C35C /* Info.plist */,
				FD6A4CB52A11328E0058C35C /* Assets.xcassets */,
				FD6A4CB72A11328E0058C35C /* LaunchScreen.storyboard */,
			);
			path = AceLick;
			sourceTree = "<group>";
		};
		FD6A4CC22A11328E0058C35C /* AceLickTests */ = {
			isa = PBXGroup;
			children = (
				FD6A4CC32A11328E0058C35C /* AceLickTests.swift */,
			);
			path = AceLickTests;
			sourceTree = "<group>";
		};
		FD6A4CCC2A11328E0058C35C /* AceLickUITests */ = {
			isa = PBXGroup;
			children = (
				FD6A4CCD2A11328E0058C35C /* AceLickUITests.swift */,
				FD6A4CCF2A11328E0058C35C /* AceLickUITestsLaunchTests.swift */,
			);
			path = AceLickUITests;
			sourceTree = "<group>";
		};
		FD6A4CE12A1132D60058C35C /* module */ = {
			isa = PBXGroup;
			children = (
				FD1A80AC2A49ABC000C7D7EE /* registration */,
				FD1A80A52A499A2900C7D7EE /* dashboard */,
				FD1A80A42A499A2200C7D7EE /* login */,
				FD6A4CE72A11338C0058C35C /* main */,
			);
			path = module;
			sourceTree = "<group>";
		};
		FD6A4CE22A1132DC0058C35C /* viewmodel */ = {
			isa = PBXGroup;
			children = (
			);
			path = viewmodel;
			sourceTree = "<group>";
		};
		FD6A4CE32A1132E80058C35C /* persistence */ = {
			isa = PBXGroup;
			children = (
				FD6A4CB22A11328B0058C35C /* AceLick.xcdatamodeld */,
			);
			path = persistence;
			sourceTree = "<group>";
		};
		FD6A4CE42A1132EE0058C35C /* util */ = {
			isa = PBXGroup;
			children = (
				FD17AC8B2A4BC0F40027B18D /* GenericCollectionViewDataSource.swift */,
			);
			path = util;
			sourceTree = "<group>";
		};
		FD6A4CE52A1133020058C35C /* app */ = {
			isa = PBXGroup;
			children = (
				FD6A4CFA2A113BB40058C35C /* components */,
				FD6A4CAB2A11328B0058C35C /* SceneDelegate.swift */,
				FD6A4CA92A11328B0058C35C /* AppDelegate.swift */,
				FD6A4CEA2A1133CF0058C35C /* BaseController.swift */,
				FD6342AD2A50535F00D483AD /* BaseResponse.swift */,
			);
			path = app;
			sourceTree = "<group>";
		};
		FD6A4CE62A1133170058C35C /* config */ = {
			isa = PBXGroup;
			children = (
			);
			path = config;
			sourceTree = "<group>";
		};
		FD6A4CE72A11338C0058C35C /* main */ = {
			isa = PBXGroup;
			children = (
				FD6A4CF22A1134A10058C35C /* entity */,
				FD6A4CE82A1133AD0058C35C /* MainViewController.swift */,
				FD6A4CEC2A1134070058C35C /* MainPresenter.swift */,
				FD6A4CEE2A1134120058C35C /* MainInteractor.swift */,
				FD6A4CF02A1134280058C35C /* MainRouter.swift */,
			);
			path = main;
			sourceTree = "<group>";
		};
		FD6A4CF22A1134A10058C35C /* entity */ = {
			isa = PBXGroup;
			children = (
				FD6A4CF32A1134B10058C35C /* Main.swift */,
			);
			path = entity;
			sourceTree = "<group>";
		};
		FD6A4CF52A1135AF0058C35C /* service */ = {
			isa = PBXGroup;
			children = (
				FD6A4CF62A1135BE0058C35C /* NetworkService.swift */,
				FD6A4CF82A1135C60058C35C /* DatabaseService.swift */,
			);
			path = service;
			sourceTree = "<group>";
		};
		FD6A4CFA2A113BB40058C35C /* components */ = {
			isa = PBXGroup;
			children = (
				FD6A4CFB2A113BC50058C35C /* AceButton.swift */,
				FD17AC6C2A4B23BF0027B18D /* AceTextField.swift */,
			);
			path = components;
			sourceTree = "<group>";
		};
		FD6A4CFD2A11798A0058C35C /* extension */ = {
			isa = PBXGroup;
			children = (
				FD6A4CFE2A11799E0058C35C /* UIView + Ext.swift */,
				FD6A4D002A117CC50058C35C /* UIColor + Ext.swift */,
				FDCE50D82A1185F40098AE0B /* UIViewController + Ext.swift */,
				FD1A80AA2A49A94300C7D7EE /* UIAlertController + Ext.swift */,
			);
			path = extension;
			sourceTree = "<group>";
		};
/* End PBXGroup section */

/* Begin PBXNativeTarget section */
		FD6A4CA52A11328B0058C35C /* AceLick */ = {
			isa = PBXNativeTarget;
			buildConfigurationList = FD6A4CD32A11328E0058C35C /* Build configuration list for PBXNativeTarget "AceLick" */;
			buildPhases = (
				FD6A4CA22A11328B0058C35C /* Sources */,
				FD6A4CA32A11328B0058C35C /* Frameworks */,
				FD6A4CA42A11328B0058C35C /* Resources */,
			);
			buildRules = (
			);
			dependencies = (
			);
			name = AceLick;
			packageProductDependencies = (
				FD6342A92A50313200D483AD /* RxCocoa */,
				FD6342AB2A50313200D483AD /* RxSwift */,
			);
			productName = AceLick;
			productReference = FD6A4CA62A11328B0058C35C /* AceLick.app */;
			productType = "com.apple.product-type.application";
		};
		FD6A4CBE2A11328E0058C35C /* AceLickTests */ = {
			isa = PBXNativeTarget;
			buildConfigurationList = FD6A4CD62A11328E0058C35C /* Build configuration list for PBXNativeTarget "AceLickTests" */;
			buildPhases = (
				FD6A4CBB2A11328E0058C35C /* Sources */,
				FD6A4CBC2A11328E0058C35C /* Frameworks */,
				FD6A4CBD2A11328E0058C35C /* Resources */,
			);
			buildRules = (
			);
			dependencies = (
				FD6A4CC12A11328E0058C35C /* PBXTargetDependency */,
			);
			name = AceLickTests;
			productName = AceLickTests;
			productReference = FD6A4CBF2A11328E0058C35C /* AceLickTests.xctest */;
			productType = "com.apple.product-type.bundle.unit-test";
		};
		FD6A4CC82A11328E0058C35C /* AceLickUITests */ = {
			isa = PBXNativeTarget;
			buildConfigurationList = FD6A4CD92A11328E0058C35C /* Build configuration list for PBXNativeTarget "AceLickUITests" */;
			buildPhases = (
				FD6A4CC52A11328E0058C35C /* Sources */,
				FD6A4CC62A11328E0058C35C /* Frameworks */,
				FD6A4CC72A11328E0058C35C /* Resources */,
			);
			buildRules = (
			);
			dependencies = (
				FD6A4CCB2A11328E0058C35C /* PBXTargetDependency */,
			);
			name = AceLickUITests;
			productName = AceLickUITests;
			productReference = FD6A4CC92A11328E0058C35C /* AceLickUITests.xctest */;
			productType = "com.apple.product-type.bundle.ui-testing";
		};
/* End PBXNativeTarget section */

/* Begin PBXProject section */
		FD6A4C9E2A11328B0058C35C /* Project object */ = {
			isa = PBXProject;
			attributes = {
				BuildIndependentTargetsInParallel = 1;
				LastSwiftUpdateCheck = 1410;
				LastUpgradeCheck = 1410;
				TargetAttributes = {
					FD6A4CA52A11328B0058C35C = {
						CreatedOnToolsVersion = 14.1;
					};
					FD6A4CBE2A11328E0058C35C = {
						CreatedOnToolsVersion = 14.1;
						TestTargetID = FD6A4CA52A11328B0058C35C;
					};
					FD6A4CC82A11328E0058C35C = {
						CreatedOnToolsVersion = 14.1;
						TestTargetID = FD6A4CA52A11328B0058C35C;
					};
				};
			};
			buildConfigurationList = FD6A4CA12A11328B0058C35C /* Build configuration list for PBXProject "AceLick" */;
			compatibilityVersion = "Xcode 14.0";
			developmentRegion = en;
			hasScannedForEncodings = 0;
			knownRegions = (
				en,
				Base,
			);
			mainGroup = FD6A4C9D2A11328B0058C35C;
			packageReferences = (
				FD6342A82A50313200D483AD /* XCRemoteSwiftPackageReference "RxSwift" */,
			);
			productRefGroup = FD6A4CA72A11328B0058C35C /* Products */;
			projectDirPath = "";
			projectRoot = "";
			targets = (
				FD6A4CA52A11328B0058C35C /* AceLick */,
				FD6A4CBE2A11328E0058C35C /* AceLickTests */,
				FD6A4CC82A11328E0058C35C /* AceLickUITests */,
			);
		};
/* End PBXProject section */

/* Begin PBXResourcesBuildPhase section */
		FD6A4CA42A11328B0058C35C /* Resources */ = {
			isa = PBXResourcesBuildPhase;
			buildActionMask = 2147483647;
			files = (
				FD6A4CB92A11328E0058C35C /* LaunchScreen.storyboard in Resources */,
				FD6A4CB62A11328E0058C35C /* Assets.xcassets in Resources */,
			);
			runOnlyForDeploymentPostprocessing = 0;
		};
		FD6A4CBD2A11328E0058C35C /* Resources */ = {
			isa = PBXResourcesBuildPhase;
			buildActionMask = 2147483647;
			files = (
			);
			runOnlyForDeploymentPostprocessing = 0;
		};
		FD6A4CC72A11328E0058C35C /* Resources */ = {
			isa = PBXResourcesBuildPhase;
			buildActionMask = 2147483647;
			files = (
			);
			runOnlyForDeploymentPostprocessing = 0;
		};
/* End PBXResourcesBuildPhase section */

/* Begin PBXSourcesBuildPhase section */
		FD6A4CA22A11328B0058C35C /* Sources */ = {
			isa = PBXSourcesBuildPhase;
			buildActionMask = 2147483647;
			files = (
				FD6342AE2A50535F00D483AD /* BaseResponse.swift in Sources */,
				FD1A80A32A49969D00C7D7EE /* MainCoordinator.swift in Sources */,
				FD1A80A72A499A4000C7D7EE /* DashboardViewController.swift in Sources */,
				FD1A80A12A49965A00C7D7EE /* Coordinator.swift in Sources */,
				FD17AC882A4B7C120027B18D /* CartController.swift in Sources */,
				FD17AC732A4B4F760027B18D /* LoginInteractor.swift in Sources */,
				FD17AC8A2A4B7C340027B18D /* ProfileController.swift in Sources */,
				FD99A3142A4A325F001341D4 /* RegistrationPresenter.swift in Sources */,
				FD17AC8C2A4BC0F40027B18D /* GenericCollectionViewDataSource.swift in Sources */,
				FD17AC8F2A4BC2FA0027B18D /* MenuCategoryCell.swift in Sources */,
				FD17AC862A4B7BF70027B18D /* SearchController.swift in Sources */,
				FD6A4CF72A1135BE0058C35C /* NetworkService.swift in Sources */,
				FD1A80A92A499A4B00C7D7EE /* LoginController.swift in Sources */,
				FD6A4CB42A11328B0058C35C /* AceLick.xcdatamodeld in Sources */,
				FD17AC6D2A4B23BF0027B18D /* AceTextField.swift in Sources */,
				FD6A4CAA2A11328B0058C35C /* AppDelegate.swift in Sources */,
				FD17AC812A4B7A2A0027B18D /* DashboardInteractor.swift in Sources */,
				FD17AC7D2A4B79D10027B18D /* DashboardRouter.swift in Sources */,
				FD6A4CEF2A1134120058C35C /* MainInteractor.swift in Sources */,
				FD09A97B2A4A4EC8009BCBA8 /* RegistrationResponse.swift in Sources */,
				FD6A4CEB2A1133CF0058C35C /* BaseController.swift in Sources */,
				FD6A4CE92A1133AD0058C35C /* MainViewController.swift in Sources */,
				FD17AC922A4BC7740027B18D /* MenuItem.swift in Sources */,
				FD17AC762A4B50D40027B18D /* LoginResponse.swift in Sources */,
				FD6342A72A5030F700D483AD /* HomeViewModel.swift in Sources */,
				FD17AC7A2A4B51350027B18D /* LoginRequest.swift in Sources */,
				FD6A4CFF2A11799E0058C35C /* UIView + Ext.swift in Sources */,
				FD17AC6F2A4B4F2C0027B18D /* LoginRouter.swift in Sources */,
				FD2851812A4C4B350000D5DD /* MenuItemCell.swift in Sources */,
				FD17AC7F2A4B7A1A0027B18D /* DashboardPresenter.swift in Sources */,
				FD99A3122A4A3224001341D4 /* RegistrationInteractor.swift in Sources */,
				FD17AC712A4B4F4E0027B18D /* LoginPresenter.swift in Sources */,
				FD6A4CED2A1134070058C35C /* MainPresenter.swift in Sources */,
				FD6A4CFC2A113BC50058C35C /* AceButton.swift in Sources */,
				FD6A4D012A117CC50058C35C /* UIColor + Ext.swift in Sources */,
				FD6A4CF12A1134280058C35C /* MainRouter.swift in Sources */,
				FD6A4CAC2A11328B0058C35C /* SceneDelegate.swift in Sources */,
				FD17AC782A4B50E40027B18D /* LoginError.swift in Sources */,
				FD6A4CF42A1134B10058C35C /* Main.swift in Sources */,
				FD6A4CF92A1135C60058C35C /* DatabaseService.swift in Sources */,
				FD1A80AE2A49ABD100C7D7EE /* RegistrationController.swift in Sources */,
				FD17AC842A4B7BDF0027B18D /* HomeController.swift in Sources */,
				FDCE50D92A1185F40098AE0B /* UIViewController + Ext.swift in Sources */,
				FD1A80AB2A49A94300C7D7EE /* UIAlertController + Ext.swift in Sources */,
				FD99A3162A4A3380001341D4 /* RegistrationRouter.swift in Sources */,
			);
			runOnlyForDeploymentPostprocessing = 0;
		};
		FD6A4CBB2A11328E0058C35C /* Sources */ = {
			isa = PBXSourcesBuildPhase;
			buildActionMask = 2147483647;
			files = (
				FD6A4CC42A11328E0058C35C /* AceLickTests.swift in Sources */,
			);
			runOnlyForDeploymentPostprocessing = 0;
		};
		FD6A4CC52A11328E0058C35C /* Sources */ = {
			isa = PBXSourcesBuildPhase;
			buildActionMask = 2147483647;
			files = (
				FD6A4CCE2A11328E0058C35C /* AceLickUITests.swift in Sources */,
				FD6A4CD02A11328E0058C35C /* AceLickUITestsLaunchTests.swift in Sources */,
			);
			runOnlyForDeploymentPostprocessing = 0;
		};
/* End PBXSourcesBuildPhase section */

/* Begin PBXTargetDependency section */
		FD6A4CC12A11328E0058C35C /* PBXTargetDependency */ = {
			isa = PBXTargetDependency;
			target = FD6A4CA52A11328B0058C35C /* AceLick */;
			targetProxy = FD6A4CC02A11328E0058C35C /* PBXContainerItemProxy */;
		};
		FD6A4CCB2A11328E0058C35C /* PBXTargetDependency */ = {
			isa = PBXTargetDependency;
			target = FD6A4CA52A11328B0058C35C /* AceLick */;
			targetProxy = FD6A4CCA2A11328E0058C35C /* PBXContainerItemProxy */;
		};
/* End PBXTargetDependency section */

/* Begin PBXVariantGroup section */
		FD6A4CB72A11328E0058C35C /* LaunchScreen.storyboard */ = {
			isa = PBXVariantGroup;
			children = (
				FD6A4CB82A11328E0058C35C /* Base */,
			);
			name = LaunchScreen.storyboard;
			sourceTree = "<group>";
		};
/* End PBXVariantGroup section */

/* Begin XCBuildConfiguration section */
		FD6A4CD12A11328E0058C35C /* Debug */ = {
			isa = XCBuildConfiguration;
			buildSettings = {
				ALWAYS_SEARCH_USER_PATHS = NO;
				CLANG_ANALYZER_NONNULL = YES;
				CLANG_ANALYZER_NUMBER_OBJECT_CONVERSION = YES_AGGRESSIVE;
				CLANG_CXX_LANGUAGE_STANDARD = "gnu++20";
				CLANG_ENABLE_MODULES = YES;
				CLANG_ENABLE_OBJC_ARC = YES;
				CLANG_ENABLE_OBJC_WEAK = YES;
				CLANG_WARN_BLOCK_CAPTURE_AUTORELEASING = YES;
				CLANG_WARN_BOOL_CONVERSION = YES;
				CLANG_WARN_COMMA = YES;
				CLANG_WARN_CONSTANT_CONVERSION = YES;
				CLANG_WARN_DEPRECATED_OBJC_IMPLEMENTATIONS = YES;
				CLANG_WARN_DIRECT_OBJC_ISA_USAGE = YES_ERROR;
				CLANG_WARN_DOCUMENTATION_COMMENTS = YES;
				CLANG_WARN_EMPTY_BODY = YES;
				CLANG_WARN_ENUM_CONVERSION = YES;
				CLANG_WARN_INFINITE_RECURSION = YES;
				CLANG_WARN_INT_CONVERSION = YES;
				CLANG_WARN_NON_LITERAL_NULL_CONVERSION = YES;
				CLANG_WARN_OBJC_IMPLICIT_RETAIN_SELF = YES;
				CLANG_WARN_OBJC_LITERAL_CONVERSION = YES;
				CLANG_WARN_OBJC_ROOT_CLASS = YES_ERROR;
				CLANG_WARN_QUOTED_INCLUDE_IN_FRAMEWORK_HEADER = YES;
				CLANG_WARN_RANGE_LOOP_ANALYSIS = YES;
				CLANG_WARN_STRICT_PROTOTYPES = YES;
				CLANG_WARN_SUSPICIOUS_MOVE = YES;
				CLANG_WARN_UNGUARDED_AVAILABILITY = YES_AGGRESSIVE;
				CLANG_WARN_UNREACHABLE_CODE = YES;
				CLANG_WARN__DUPLICATE_METHOD_MATCH = YES;
				COPY_PHASE_STRIP = NO;
				DEBUG_INFORMATION_FORMAT = dwarf;
				ENABLE_STRICT_OBJC_MSGSEND = YES;
				ENABLE_TESTABILITY = YES;
				GCC_C_LANGUAGE_STANDARD = gnu11;
				GCC_DYNAMIC_NO_PIC = NO;
				GCC_NO_COMMON_BLOCKS = YES;
				GCC_OPTIMIZATION_LEVEL = 0;
				GCC_PREPROCESSOR_DEFINITIONS = (
					"DEBUG=1",
					"$(inherited)",
				);
				GCC_WARN_64_TO_32_BIT_CONVERSION = YES;
				GCC_WARN_ABOUT_RETURN_TYPE = YES_ERROR;
				GCC_WARN_UNDECLARED_SELECTOR = YES;
				GCC_WARN_UNINITIALIZED_AUTOS = YES_AGGRESSIVE;
				GCC_WARN_UNUSED_FUNCTION = YES;
				GCC_WARN_UNUSED_VARIABLE = YES;
				IPHONEOS_DEPLOYMENT_TARGET = 16.1;
				MTL_ENABLE_DEBUG_INFO = INCLUDE_SOURCE;
				MTL_FAST_MATH = YES;
				ONLY_ACTIVE_ARCH = YES;
				SDKROOT = iphoneos;
				SWIFT_ACTIVE_COMPILATION_CONDITIONS = DEBUG;
				SWIFT_OPTIMIZATION_LEVEL = "-Onone";
			};
			name = Debug;
		};
		FD6A4CD22A11328E0058C35C /* Release */ = {
			isa = XCBuildConfiguration;
			buildSettings = {
				ALWAYS_SEARCH_USER_PATHS = NO;
				CLANG_ANALYZER_NONNULL = YES;
				CLANG_ANALYZER_NUMBER_OBJECT_CONVERSION = YES_AGGRESSIVE;
				CLANG_CXX_LANGUAGE_STANDARD = "gnu++20";
				CLANG_ENABLE_MODULES = YES;
				CLANG_ENABLE_OBJC_ARC = YES;
				CLANG_ENABLE_OBJC_WEAK = YES;
				CLANG_WARN_BLOCK_CAPTURE_AUTORELEASING = YES;
				CLANG_WARN_BOOL_CONVERSION = YES;
				CLANG_WARN_COMMA = YES;
				CLANG_WARN_CONSTANT_CONVERSION = YES;
				CLANG_WARN_DEPRECATED_OBJC_IMPLEMENTATIONS = YES;
				CLANG_WARN_DIRECT_OBJC_ISA_USAGE = YES_ERROR;
				CLANG_WARN_DOCUMENTATION_COMMENTS = YES;
				CLANG_WARN_EMPTY_BODY = YES;
				CLANG_WARN_ENUM_CONVERSION = YES;
				CLANG_WARN_INFINITE_RECURSION = YES;
				CLANG_WARN_INT_CONVERSION = YES;
				CLANG_WARN_NON_LITERAL_NULL_CONVERSION = YES;
				CLANG_WARN_OBJC_IMPLICIT_RETAIN_SELF = YES;
				CLANG_WARN_OBJC_LITERAL_CONVERSION = YES;
				CLANG_WARN_OBJC_ROOT_CLASS = YES_ERROR;
				CLANG_WARN_QUOTED_INCLUDE_IN_FRAMEWORK_HEADER = YES;
				CLANG_WARN_RANGE_LOOP_ANALYSIS = YES;
				CLANG_WARN_STRICT_PROTOTYPES = YES;
				CLANG_WARN_SUSPICIOUS_MOVE = YES;
				CLANG_WARN_UNGUARDED_AVAILABILITY = YES_AGGRESSIVE;
				CLANG_WARN_UNREACHABLE_CODE = YES;
				CLANG_WARN__DUPLICATE_METHOD_MATCH = YES;
				COPY_PHASE_STRIP = NO;
				DEBUG_INFORMATION_FORMAT = "dwarf-with-dsym";
				ENABLE_NS_ASSERTIONS = NO;
				ENABLE_STRICT_OBJC_MSGSEND = YES;
				GCC_C_LANGUAGE_STANDARD = gnu11;
				GCC_NO_COMMON_BLOCKS = YES;
				GCC_WARN_64_TO_32_BIT_CONVERSION = YES;
				GCC_WARN_ABOUT_RETURN_TYPE = YES_ERROR;
				GCC_WARN_UNDECLARED_SELECTOR = YES;
				GCC_WARN_UNINITIALIZED_AUTOS = YES_AGGRESSIVE;
				GCC_WARN_UNUSED_FUNCTION = YES;
				GCC_WARN_UNUSED_VARIABLE = YES;
				IPHONEOS_DEPLOYMENT_TARGET = 16.1;
				MTL_ENABLE_DEBUG_INFO = NO;
				MTL_FAST_MATH = YES;
				SDKROOT = iphoneos;
				SWIFT_COMPILATION_MODE = wholemodule;
				SWIFT_OPTIMIZATION_LEVEL = "-O";
				VALIDATE_PRODUCT = YES;
			};
			name = Release;
		};
		FD6A4CD42A11328E0058C35C /* Debug */ = {
			isa = XCBuildConfiguration;
			buildSettings = {
				ASSETCATALOG_COMPILER_APPICON_NAME = AppIcon;
				ASSETCATALOG_COMPILER_GLOBAL_ACCENT_COLOR_NAME = AccentColor;
				CODE_SIGN_STYLE = Automatic;
				CURRENT_PROJECT_VERSION = 1;
				DEVELOPMENT_TEAM = J2S9582LUZ;
				GENERATE_INFOPLIST_FILE = YES;
				INFOPLIST_FILE = AceLick/Info.plist;
				INFOPLIST_KEY_UIApplicationSupportsIndirectInputEvents = YES;
				INFOPLIST_KEY_UILaunchStoryboardName = LaunchScreen;
				INFOPLIST_KEY_UISupportedInterfaceOrientations_iPad = "UIInterfaceOrientationPortrait UIInterfaceOrientationPortraitUpsideDown UIInterfaceOrientationLandscapeLeft UIInterfaceOrientationLandscapeRight";
				INFOPLIST_KEY_UISupportedInterfaceOrientations_iPhone = "UIInterfaceOrientationPortrait UIInterfaceOrientationLandscapeLeft UIInterfaceOrientationLandscapeRight";
				LD_RUNPATH_SEARCH_PATHS = (
					"$(inherited)",
					"@executable_path/Frameworks",
				);
				MARKETING_VERSION = 1.0;
				PRODUCT_BUNDLE_IDENTIFIER = com.appcoy.AceLick;
				PRODUCT_NAME = "$(TARGET_NAME)";
				SWIFT_EMIT_LOC_STRINGS = YES;
				SWIFT_VERSION = 5.0;
				TARGETED_DEVICE_FAMILY = "1,2";
			};
			name = Debug;
		};
		FD6A4CD52A11328E0058C35C /* Release */ = {
			isa = XCBuildConfiguration;
			buildSettings = {
				ASSETCATALOG_COMPILER_APPICON_NAME = AppIcon;
				ASSETCATALOG_COMPILER_GLOBAL_ACCENT_COLOR_NAME = AccentColor;
				CODE_SIGN_STYLE = Automatic;
				CURRENT_PROJECT_VERSION = 1;
				DEVELOPMENT_TEAM = J2S9582LUZ;
				GENERATE_INFOPLIST_FILE = YES;
				INFOPLIST_FILE = AceLick/Info.plist;
				INFOPLIST_KEY_UIApplicationSupportsIndirectInputEvents = YES;
				INFOPLIST_KEY_UILaunchStoryboardName = LaunchScreen;
				INFOPLIST_KEY_UISupportedInterfaceOrientations_iPad = "UIInterfaceOrientationPortrait UIInterfaceOrientationPortraitUpsideDown UIInterfaceOrientationLandscapeLeft UIInterfaceOrientationLandscapeRight";
				INFOPLIST_KEY_UISupportedInterfaceOrientations_iPhone = "UIInterfaceOrientationPortrait UIInterfaceOrientationLandscapeLeft UIInterfaceOrientationLandscapeRight";
				LD_RUNPATH_SEARCH_PATHS = (
					"$(inherited)",
					"@executable_path/Frameworks",
				);
				MARKETING_VERSION = 1.0;
				PRODUCT_BUNDLE_IDENTIFIER = com.appcoy.AceLick;
				PRODUCT_NAME = "$(TARGET_NAME)";
				SWIFT_EMIT_LOC_STRINGS = YES;
				SWIFT_VERSION = 5.0;
				TARGETED_DEVICE_FAMILY = "1,2";
			};
			name = Release;
		};
		FD6A4CD72A11328E0058C35C /* Debug */ = {
			isa = XCBuildConfiguration;
			buildSettings = {
				ALWAYS_EMBED_SWIFT_STANDARD_LIBRARIES = YES;
				BUNDLE_LOADER = "$(TEST_HOST)";
				CODE_SIGN_STYLE = Automatic;
				CURRENT_PROJECT_VERSION = 1;
				DEVELOPMENT_TEAM = J2S9582LUZ;
				GENERATE_INFOPLIST_FILE = YES;
				IPHONEOS_DEPLOYMENT_TARGET = 16.1;
				MARKETING_VERSION = 1.0;
				PRODUCT_BUNDLE_IDENTIFIER = com.appcoy.AceLickTests;
				PRODUCT_NAME = "$(TARGET_NAME)";
				SWIFT_EMIT_LOC_STRINGS = NO;
				SWIFT_VERSION = 5.0;
				TARGETED_DEVICE_FAMILY = "1,2";
				TEST_HOST = "$(BUILT_PRODUCTS_DIR)/AceLick.app/$(BUNDLE_EXECUTABLE_FOLDER_PATH)/AceLick";
			};
			name = Debug;
		};
		FD6A4CD82A11328E0058C35C /* Release */ = {
			isa = XCBuildConfiguration;
			buildSettings = {
				ALWAYS_EMBED_SWIFT_STANDARD_LIBRARIES = YES;
				BUNDLE_LOADER = "$(TEST_HOST)";
				CODE_SIGN_STYLE = Automatic;
				CURRENT_PROJECT_VERSION = 1;
				DEVELOPMENT_TEAM = J2S9582LUZ;
				GENERATE_INFOPLIST_FILE = YES;
				IPHONEOS_DEPLOYMENT_TARGET = 16.1;
				MARKETING_VERSION = 1.0;
				PRODUCT_BUNDLE_IDENTIFIER = com.appcoy.AceLickTests;
				PRODUCT_NAME = "$(TARGET_NAME)";
				SWIFT_EMIT_LOC_STRINGS = NO;
				SWIFT_VERSION = 5.0;
				TARGETED_DEVICE_FAMILY = "1,2";
				TEST_HOST = "$(BUILT_PRODUCTS_DIR)/AceLick.app/$(BUNDLE_EXECUTABLE_FOLDER_PATH)/AceLick";
			};
			name = Release;
		};
		FD6A4CDA2A11328E0058C35C /* Debug */ = {
			isa = XCBuildConfiguration;
			buildSettings = {
				ALWAYS_EMBED_SWIFT_STANDARD_LIBRARIES = YES;
				CODE_SIGN_STYLE = Automatic;
				CURRENT_PROJECT_VERSION = 1;
				DEVELOPMENT_TEAM = J2S9582LUZ;
				GENERATE_INFOPLIST_FILE = YES;
				MARKETING_VERSION = 1.0;
				PRODUCT_BUNDLE_IDENTIFIER = com.appcoy.AceLickUITests;
				PRODUCT_NAME = "$(TARGET_NAME)";
				SWIFT_EMIT_LOC_STRINGS = NO;
				SWIFT_VERSION = 5.0;
				TARGETED_DEVICE_FAMILY = "1,2";
				TEST_TARGET_NAME = AceLick;
			};
			name = Debug;
		};
		FD6A4CDB2A11328E0058C35C /* Release */ = {
			isa = XCBuildConfiguration;
			buildSettings = {
				ALWAYS_EMBED_SWIFT_STANDARD_LIBRARIES = YES;
				CODE_SIGN_STYLE = Automatic;
				CURRENT_PROJECT_VERSION = 1;
				DEVELOPMENT_TEAM = J2S9582LUZ;
				GENERATE_INFOPLIST_FILE = YES;
				MARKETING_VERSION = 1.0;
				PRODUCT_BUNDLE_IDENTIFIER = com.appcoy.AceLickUITests;
				PRODUCT_NAME = "$(TARGET_NAME)";
				SWIFT_EMIT_LOC_STRINGS = NO;
				SWIFT_VERSION = 5.0;
				TARGETED_DEVICE_FAMILY = "1,2";
				TEST_TARGET_NAME = AceLick;
			};
			name = Release;
		};
/* End XCBuildConfiguration section */

/* Begin XCConfigurationList section */
		FD6A4CA12A11328B0058C35C /* Build configuration list for PBXProject "AceLick" */ = {
			isa = XCConfigurationList;
			buildConfigurations = (
				FD6A4CD12A11328E0058C35C /* Debug */,
				FD6A4CD22A11328E0058C35C /* Release */,
			);
			defaultConfigurationIsVisible = 0;
			defaultConfigurationName = Release;
		};
		FD6A4CD32A11328E0058C35C /* Build configuration list for PBXNativeTarget "AceLick" */ = {
			isa = XCConfigurationList;
			buildConfigurations = (
				FD6A4CD42A11328E0058C35C /* Debug */,
				FD6A4CD52A11328E0058C35C /* Release */,
			);
			defaultConfigurationIsVisible = 0;
			defaultConfigurationName = Release;
		};
		FD6A4CD62A11328E0058C35C /* Build configuration list for PBXNativeTarget "AceLickTests" */ = {
			isa = XCConfigurationList;
			buildConfigurations = (
				FD6A4CD72A11328E0058C35C /* Debug */,
				FD6A4CD82A11328E0058C35C /* Release */,
			);
			defaultConfigurationIsVisible = 0;
			defaultConfigurationName = Release;
		};
		FD6A4CD92A11328E0058C35C /* Build configuration list for PBXNativeTarget "AceLickUITests" */ = {
			isa = XCConfigurationList;
			buildConfigurations = (
				FD6A4CDA2A11328E0058C35C /* Debug */,
				FD6A4CDB2A11328E0058C35C /* Release */,
			);
			defaultConfigurationIsVisible = 0;
			defaultConfigurationName = Release;
		};
/* End XCConfigurationList section */

/* Begin XCRemoteSwiftPackageReference section */
		FD6342A82A50313200D483AD /* XCRemoteSwiftPackageReference "RxSwift" */ = {
			isa = XCRemoteSwiftPackageReference;
			repositoryURL = "https://github.com/ReactiveX/RxSwift";
			requirement = {
				kind = upToNextMajorVersion;
				minimumVersion = 6.6.0;
			};
		};
/* End XCRemoteSwiftPackageReference section */

/* Begin XCSwiftPackageProductDependency section */
		FD6342A92A50313200D483AD /* RxCocoa */ = {
			isa = XCSwiftPackageProductDependency;
			package = FD6342A82A50313200D483AD /* XCRemoteSwiftPackageReference "RxSwift" */;
			productName = RxCocoa;
		};
		FD6342AB2A50313200D483AD /* RxSwift */ = {
			isa = XCSwiftPackageProductDependency;
			package = FD6342A82A50313200D483AD /* XCRemoteSwiftPackageReference "RxSwift" */;
			productName = RxSwift;
		};
/* End XCSwiftPackageProductDependency section */

/* Begin XCVersionGroup section */
		FD6A4CB22A11328B0058C35C /* AceLick.xcdatamodeld */ = {
			isa = XCVersionGroup;
			children = (
				FD6A4CB32A11328B0058C35C /* AceLick.xcdatamodel */,
			);
			currentVersion = FD6A4CB32A11328B0058C35C /* AceLick.xcdatamodel */;
			path = AceLick.xcdatamodeld;
			sourceTree = "<group>";
			versionGroupType = wrapper.xcdatamodel;
		};
/* End XCVersionGroup section */
	};
	rootObject = FD6A4C9E2A11328B0058C35C /* Project object */;
}
